<Solution>
  <Project Path="src/ImprentaSR.Domain/ImprentaSR.Domain.csproj" />
  <Project Path="src/ImprentaSR.Application/ImprentaSR.Application.csproj" />
  <Project Path="src/ImprentaSR.Infrastructure/ImprentaSR.Infrastructure.csproj" />
  <Project Path="src/ImprentaSR.WebAPI/ImprentaSR.WebAPI.csproj">
    <BuildDependency Project="src/ImprentaSR.Domain/ImprentaSR.Domain.csproj" />
  </Project>
</Solution>
